
Microsoft Visual Studio Solution File, Format Version 12.00
# Visual Studio Version 16
VisualStudioVersion = 16.0.29503.13
MinimumVisualStudioVersion = 10.0.40219.1
Project("{FAE04EC0-301F-11D3-BF4B-00C04F79EFBC}") = "MVC_Edura_ETicaret", "MVC_Edura_ETicaret\MVC_Edura_ETicaret.csproj", "{61E4B44E-99B4-446A-B9EF-51F4587F91EA}"
EndProject
Global
	GlobalSection(SolutionConfigurationPlatforms) = preSolution
		Debug|Any CPU = Debug|Any CPU
		Release|Any CPU = Release|Any CPU
	EndGlobalSection
	GlobalSection(ProjectConfigurationPlatforms) = postSolution
		{61E4B44E-99B4-446A-B9EF-51F4587F91EA}.Debug|Any CPU.ActiveCfg = Debug|Any CPU
		{61E4B44E-99B4-446A-B9EF-51F4587F91EA}.Debug|Any CPU.Build.0 = Debug|Any CPU
		{61E4B44E-99B4-446A-B9EF-51F4587F91EA}.Release|Any CPU.ActiveCfg = Release|Any CPU
		{61E4B44E-99B4-446A-B9EF-51F4587F91EA}.Release|Any CPU.Build.0 = Release|Any CPU
	EndGlobalSection
	GlobalSection(SolutionProperties) = preSolution
		HideSolutionNode = FALSE
	EndGlobalSection
	GlobalSection(ExtensibilityGlobals) = postSolution
		SolutionGuid = {5C18E8FE-709D-4E72-B56C-FC5E413DE935}
	EndGlobalSection
EndGlobal
